
Microsoft Visual Studio Solution File, Format Version 12.00
# Visual Studio Version 16
VisualStudioVersion = 16.0.29230.47
MinimumVisualStudioVersion = 10.0.40219.1
Project("{FAE04EC0-301F-11D3-BF4B-00C04F79EFBC}") = "Quadratic_equation", "Quadratic_equation\Quadratic_equation.csproj", "{3B210F99-1A1F-4BBA-AA73-76CD77780836}"
EndProject
Project("{FAE04EC0-301F-11D3-BF4B-00C04F79EFBC}") = "ClassLibrary", "ClassLibrary\ClassLibrary.csproj", "{2F4C66F8-A03D-4989-87DA-4D42C23A3389}"
EndProject
Global
	GlobalSection(SolutionConfigurationPlatforms) = preSolution
		Debug|Any CPU = Debug|Any CPU
		Release|Any CPU = Release|Any CPU
	EndGlobalSection
	GlobalSection(ProjectConfigurationPlatforms) = postSolution
		{3B210F99-1A1F-4BBA-AA73-76CD77780836}.Debug|Any CPU.ActiveCfg = Debug|Any CPU
		{3B210F99-1A1F-4BBA-AA73-76CD77780836}.Debug|Any CPU.Build.0 = Debug|Any CPU
		{3B210F99-1A1F-4BBA-AA73-76CD77780836}.Release|Any CPU.ActiveCfg = Release|Any CPU
		{3B210F99-1A1F-4BBA-AA73-76CD77780836}.Release|Any CPU.Build.0 = Release|Any CPU
		{2F4C66F8-A03D-4989-87DA-4D42C23A3389}.Debug|Any CPU.ActiveCfg = Debug|Any CPU
		{2F4C66F8-A03D-4989-87DA-4D42C23A3389}.Debug|Any CPU.Build.0 = Debug|Any CPU
		{2F4C66F8-A03D-4989-87DA-4D42C23A3389}.Release|Any CPU.ActiveCfg = Release|Any CPU
		{2F4C66F8-A03D-4989-87DA-4D42C23A3389}.Release|Any CPU.Build.0 = Release|Any CPU
	EndGlobalSection
	GlobalSection(SolutionProperties) = preSolution
		HideSolutionNode = FALSE
	EndGlobalSection
	GlobalSection(ExtensibilityGlobals) = postSolution
		SolutionGuid = {D95722BB-6724-43B5-ABCA-D338775F2471}
	EndGlobalSection
EndGlobal
